
Microsoft Visual Studio Solution File, Format Version 12.00
# Visual Studio Version 17
VisualStudioVersion = 17.9.34607.119
MinimumVisualStudioVersion = 10.0.40219.1
Project("{FAE04EC0-301F-11D3-BF4B-00C04F79EFBC}") = "Week13SQLiteDB", "Week13SQLiteDB\Week13SQLiteDB.csproj", "{911D3E82-D513-4569-B5F0-ABC49FE91C19}"
EndProject
Global
	GlobalSection(SolutionConfigurationPlatforms) = preSolution
		Debug|Any CPU = Debug|Any CPU
		Release|Any CPU = Release|Any CPU
	EndGlobalSection
	GlobalSection(ProjectConfigurationPlatforms) = postSolution
		{911D3E82-D513-4569-B5F0-ABC49FE91C19}.Debug|Any CPU.ActiveCfg = Debug|Any CPU
		{911D3E82-D513-4569-B5F0-ABC49FE91C19}.Debug|Any CPU.Build.0 = Debug|Any CPU
		{911D3E82-D513-4569-B5F0-ABC49FE91C19}.Release|Any CPU.ActiveCfg = Release|Any CPU
		{911D3E82-D513-4569-B5F0-ABC49FE91C19}.Release|Any CPU.Build.0 = Release|Any CPU
	EndGlobalSection
	GlobalSection(SolutionProperties) = preSolution
		HideSolutionNode = FALSE
	EndGlobalSection
	GlobalSection(ExtensibilityGlobals) = postSolution
		SolutionGuid = {7EF8C90D-A4DE-429E-BAF1-1983161BFAD2}
	EndGlobalSection
EndGlobal
